
Microsoft Visual Studio Solution File, Format Version 12.00
# Visual Studio Version 16
VisualStudioVersion = 16.0.30114.105
MinimumVisualStudioVersion = 10.0.40219.1
Project("{FAE04EC0-301F-11D3-BF4B-00C04F79EFBC}") = "01-PrintLogo", "01-PrintLogo\01-PrintLogo.csproj", "{FF6C96CB-B721-43A1-BCB1-49043FCB2ECB}"
EndProject
Project("{FAE04EC0-301F-11D3-BF4B-00C04F79EFBC}") = "02-MethodsParameters", "02-MethodsParameters\02-MethodsParameters.csproj", "{A46FC248-6923-4A93-A1B9-497645E858FA}"
EndProject
Project("{FAE04EC0-301F-11D3-BF4B-00C04F79EFBC}") = "03-Months", "03-Months\03-Months.csproj", "{9748377E-4E16-4D30-9815-5CD4797C7176}"
EndProject
Project("{FAE04EC0-301F-11D3-BF4B-00C04F79EFBC}") = "04-Triangle", "04-Triangle\04-Triangle.csproj", "{1C4251F7-2E31-49B8-95BB-1CA4351EB530}"
EndProject
Project("{FAE04EC0-301F-11D3-BF4B-00C04F79EFBC}") = "05-OptionalParameters", "05-OptionalParameters\05-OptionalParameters.csproj", "{FAE552B5-C3C3-44D7-85F8-199AFEB68B88}"
EndProject
Project("{FAE04EC0-301F-11D3-BF4B-00C04F79EFBC}") = "06-Temperature", "06-Temperature\06-Temperature.csproj", "{0A3ABC72-E189-42C5-91DA-30BF8933F227}"
EndProject
Project("{FAE04EC0-301F-11D3-BF4B-00C04F79EFBC}") = "07-PositiveNumbers", "07-PositiveNumbers\07-PositiveNumbers.csproj", "{1DF09D0F-8EA0-4479-88B1-A2B6C970FA71}"
EndProject
Project("{FAE04EC0-301F-11D3-BF4B-00C04F79EFBC}") = "08-DataValidation", "08-DataValidation\08-DataValidation.csproj", "{0EF1ABD7-657E-41C4-96A0-B9AE49DB925B}"
EndProject
Global
	GlobalSection(SolutionConfigurationPlatforms) = preSolution
		Debug|Any CPU = Debug|Any CPU
		Debug|x64 = Debug|x64
		Debug|x86 = Debug|x86
		Release|Any CPU = Release|Any CPU
		Release|x64 = Release|x64
		Release|x86 = Release|x86
	EndGlobalSection
	GlobalSection(SolutionProperties) = preSolution
		HideSolutionNode = FALSE
	EndGlobalSection
	GlobalSection(ProjectConfigurationPlatforms) = postSolution
		{FF6C96CB-B721-43A1-BCB1-49043FCB2ECB}.Debug|Any CPU.ActiveCfg = Debug|Any CPU
		{FF6C96CB-B721-43A1-BCB1-49043FCB2ECB}.Debug|Any CPU.Build.0 = Debug|Any CPU
		{FF6C96CB-B721-43A1-BCB1-49043FCB2ECB}.Debug|x64.ActiveCfg = Debug|Any CPU
		{FF6C96CB-B721-43A1-BCB1-49043FCB2ECB}.Debug|x64.Build.0 = Debug|Any CPU
		{FF6C96CB-B721-43A1-BCB1-49043FCB2ECB}.Debug|x86.ActiveCfg = Debug|Any CPU
		{FF6C96CB-B721-43A1-BCB1-49043FCB2ECB}.Debug|x86.Build.0 = Debug|Any CPU
		{FF6C96CB-B721-43A1-BCB1-49043FCB2ECB}.Release|Any CPU.ActiveCfg = Debug|Any CPU
		{FF6C96CB-B721-43A1-BCB1-49043FCB2ECB}.Release|Any CPU.Build.0 = Debug|Any CPU
		{FF6C96CB-B721-43A1-BCB1-49043FCB2ECB}.Release|x64.ActiveCfg = Debug|Any CPU
		{FF6C96CB-B721-43A1-BCB1-49043FCB2ECB}.Release|x64.Build.0 = Debug|Any CPU
		{FF6C96CB-B721-43A1-BCB1-49043FCB2ECB}.Release|x86.ActiveCfg = Debug|Any CPU
		{FF6C96CB-B721-43A1-BCB1-49043FCB2ECB}.Release|x86.Build.0 = Debug|Any CPU
		{A46FC248-6923-4A93-A1B9-497645E858FA}.Debug|Any CPU.ActiveCfg = Debug|Any CPU
		{A46FC248-6923-4A93-A1B9-497645E858FA}.Debug|Any CPU.Build.0 = Debug|Any CPU
		{A46FC248-6923-4A93-A1B9-497645E858FA}.Debug|x64.ActiveCfg = Debug|Any CPU
		{A46FC248-6923-4A93-A1B9-497645E858FA}.Debug|x64.Build.0 = Debug|Any CPU
		{A46FC248-6923-4A93-A1B9-497645E858FA}.Debug|x86.ActiveCfg = Debug|Any CPU
		{A46FC248-6923-4A93-A1B9-497645E858FA}.Debug|x86.Build.0 = Debug|Any CPU
		{A46FC248-6923-4A93-A1B9-497645E858FA}.Release|Any CPU.ActiveCfg = Debug|Any CPU
		{A46FC248-6923-4A93-A1B9-497645E858FA}.Release|Any CPU.Build.0 = Debug|Any CPU
		{A46FC248-6923-4A93-A1B9-497645E858FA}.Release|x64.ActiveCfg = Debug|Any CPU
		{A46FC248-6923-4A93-A1B9-497645E858FA}.Release|x64.Build.0 = Debug|Any CPU
		{A46FC248-6923-4A93-A1B9-497645E858FA}.Release|x86.ActiveCfg = Debug|Any CPU
		{A46FC248-6923-4A93-A1B9-497645E858FA}.Release|x86.Build.0 = Debug|Any CPU
		{9748377E-4E16-4D30-9815-5CD4797C7176}.Debug|Any CPU.ActiveCfg = Debug|Any CPU
		{9748377E-4E16-4D30-9815-5CD4797C7176}.Debug|Any CPU.Build.0 = Debug|Any CPU
		{9748377E-4E16-4D30-9815-5CD4797C7176}.Debug|x64.ActiveCfg = Debug|Any CPU
		{9748377E-4E16-4D30-9815-5CD4797C7176}.Debug|x64.Build.0 = Debug|Any CPU
		{9748377E-4E16-4D30-9815-5CD4797C7176}.Debug|x86.ActiveCfg = Debug|Any CPU
		{9748377E-4E16-4D30-9815-5CD4797C7176}.Debug|x86.Build.0 = Debug|Any CPU
		{9748377E-4E16-4D30-9815-5CD4797C7176}.Release|Any CPU.ActiveCfg = Debug|Any CPU
		{9748377E-4E16-4D30-9815-5CD4797C7176}.Release|Any CPU.Build.0 = Debug|Any CPU
		{9748377E-4E16-4D30-9815-5CD4797C7176}.Release|x64.ActiveCfg = Debug|Any CPU
		{9748377E-4E16-4D30-9815-5CD4797C7176}.Release|x64.Build.0 = Debug|Any CPU
		{9748377E-4E16-4D30-9815-5CD4797C7176}.Release|x86.ActiveCfg = Debug|Any CPU
		{9748377E-4E16-4D30-9815-5CD4797C7176}.Release|x86.Build.0 = Debug|Any CPU
		{1C4251F7-2E31-49B8-95BB-1CA4351EB530}.Debug|Any CPU.ActiveCfg = Debug|Any CPU
		{1C4251F7-2E31-49B8-95BB-1CA4351EB530}.Debug|Any CPU.Build.0 = Debug|Any CPU
		{1C4251F7-2E31-49B8-95BB-1CA4351EB530}.Debug|x64.ActiveCfg = Debug|Any CPU
		{1C4251F7-2E31-49B8-95BB-1CA4351EB530}.Debug|x64.Build.0 = Debug|Any CPU
		{1C4251F7-2E31-49B8-95BB-1CA4351EB530}.Debug|x86.ActiveCfg = Debug|Any CPU
		{1C4251F7-2E31-49B8-95BB-1CA4351EB530}.Debug|x86.Build.0 = Debug|Any CPU
		{1C4251F7-2E31-49B8-95BB-1CA4351EB530}.Release|Any CPU.ActiveCfg = Debug|Any CPU
		{1C4251F7-2E31-49B8-95BB-1CA4351EB530}.Release|Any CPU.Build.0 = Debug|Any CPU
		{1C4251F7-2E31-49B8-95BB-1CA4351EB530}.Release|x64.ActiveCfg = Debug|Any CPU
		{1C4251F7-2E31-49B8-95BB-1CA4351EB530}.Release|x64.Build.0 = Debug|Any CPU
		{1C4251F7-2E31-49B8-95BB-1CA4351EB530}.Release|x86.ActiveCfg = Debug|Any CPU
		{1C4251F7-2E31-49B8-95BB-1CA4351EB530}.Release|x86.Build.0 = Debug|Any CPU
		{FAE552B5-C3C3-44D7-85F8-199AFEB68B88}.Debug|Any CPU.ActiveCfg = Debug|Any CPU
		{FAE552B5-C3C3-44D7-85F8-199AFEB68B88}.Debug|Any CPU.Build.0 = Debug|Any CPU
		{FAE552B5-C3C3-44D7-85F8-199AFEB68B88}.Debug|x64.ActiveCfg = Debug|Any CPU
		{FAE552B5-C3C3-44D7-85F8-199AFEB68B88}.Debug|x64.Build.0 = Debug|Any CPU
		{FAE552B5-C3C3-44D7-85F8-199AFEB68B88}.Debug|x86.ActiveCfg = Debug|Any CPU
		{FAE552B5-C3C3-44D7-85F8-199AFEB68B88}.Debug|x86.Build.0 = Debug|Any CPU
		{FAE552B5-C3C3-44D7-85F8-199AFEB68B88}.Release|Any CPU.ActiveCfg = Debug|Any CPU
		{FAE552B5-C3C3-44D7-85F8-199AFEB68B88}.Release|Any CPU.Build.0 = Debug|Any CPU
		{FAE552B5-C3C3-44D7-85F8-199AFEB68B88}.Release|x64.ActiveCfg = Debug|Any CPU
		{FAE552B5-C3C3-44D7-85F8-199AFEB68B88}.Release|x64.Build.0 = Debug|Any CPU
		{FAE552B5-C3C3-44D7-85F8-199AFEB68B88}.Release|x86.ActiveCfg = Debug|Any CPU
		{FAE552B5-C3C3-44D7-85F8-199AFEB68B88}.Release|x86.Build.0 = Debug|Any CPU
		{0A3ABC72-E189-42C5-91DA-30BF8933F227}.Debug|Any CPU.ActiveCfg = Debug|Any CPU
		{0A3ABC72-E189-42C5-91DA-30BF8933F227}.Debug|Any CPU.Build.0 = Debug|Any CPU
		{0A3ABC72-E189-42C5-91DA-30BF8933F227}.Debug|x64.ActiveCfg = Debug|Any CPU
		{0A3ABC72-E189-42C5-91DA-30BF8933F227}.Debug|x64.Build.0 = Debug|Any CPU
		{0A3ABC72-E189-42C5-91DA-30BF8933F227}.Debug|x86.ActiveCfg = Debug|Any CPU
		{0A3ABC72-E189-42C5-91DA-30BF8933F227}.Debug|x86.Build.0 = Debug|Any CPU
		{0A3ABC72-E189-42C5-91DA-30BF8933F227}.Release|Any CPU.ActiveCfg = Debug|Any CPU
		{0A3ABC72-E189-42C5-91DA-30BF8933F227}.Release|Any CPU.Build.0 = Debug|Any CPU
		{0A3ABC72-E189-42C5-91DA-30BF8933F227}.Release|x64.ActiveCfg = Debug|Any CPU
		{0A3ABC72-E189-42C5-91DA-30BF8933F227}.Release|x64.Build.0 = Debug|Any CPU
		{0A3ABC72-E189-42C5-91DA-30BF8933F227}.Release|x86.ActiveCfg = Debug|Any CPU
		{0A3ABC72-E189-42C5-91DA-30BF8933F227}.Release|x86.Build.0 = Debug|Any CPU
		{1DF09D0F-8EA0-4479-88B1-A2B6C970FA71}.Debug|Any CPU.ActiveCfg = Debug|Any CPU
		{1DF09D0F-8EA0-4479-88B1-A2B6C970FA71}.Debug|Any CPU.Build.0 = Debug|Any CPU
		{1DF09D0F-8EA0-4479-88B1-A2B6C970FA71}.Debug|x64.ActiveCfg = Debug|Any CPU
		{1DF09D0F-8EA0-4479-88B1-A2B6C970FA71}.Debug|x64.Build.0 = Debug|Any CPU
		{1DF09D0F-8EA0-4479-88B1-A2B6C970FA71}.Debug|x86.ActiveCfg = Debug|Any CPU
		{1DF09D0F-8EA0-4479-88B1-A2B6C970FA71}.Debug|x86.Build.0 = Debug|Any CPU
		{1DF09D0F-8EA0-4479-88B1-A2B6C970FA71}.Release|Any CPU.ActiveCfg = Debug|Any CPU
		{1DF09D0F-8EA0-4479-88B1-A2B6C970FA71}.Release|Any CPU.Build.0 = Debug|Any CPU
		{1DF09D0F-8EA0-4479-88B1-A2B6C970FA71}.Release|x64.ActiveCfg = Debug|Any CPU
		{1DF09D0F-8EA0-4479-88B1-A2B6C970FA71}.Release|x64.Build.0 = Debug|Any CPU
		{1DF09D0F-8EA0-4479-88B1-A2B6C970FA71}.Release|x86.ActiveCfg = Debug|Any CPU
		{1DF09D0F-8EA0-4479-88B1-A2B6C970FA71}.Release|x86.Build.0 = Debug|Any CPU
		{0EF1ABD7-657E-41C4-96A0-B9AE49DB925B}.Debug|Any CPU.ActiveCfg = Debug|Any CPU
		{0EF1ABD7-657E-41C4-96A0-B9AE49DB925B}.Debug|Any CPU.Build.0 = Debug|Any CPU
		{0EF1ABD7-657E-41C4-96A0-B9AE49DB925B}.Debug|x64.ActiveCfg = Debug|Any CPU
		{0EF1ABD7-657E-41C4-96A0-B9AE49DB925B}.Debug|x64.Build.0 = Debug|Any CPU
		{0EF1ABD7-657E-41C4-96A0-B9AE49DB925B}.Debug|x86.ActiveCfg = Debug|Any CPU
		{0EF1ABD7-657E-41C4-96A0-B9AE49DB925B}.Debug|x86.Build.0 = Debug|Any CPU
		{0EF1ABD7-657E-41C4-96A0-B9AE49DB925B}.Release|Any CPU.ActiveCfg = Debug|Any CPU
		{0EF1ABD7-657E-41C4-96A0-B9AE49DB925B}.Release|Any CPU.Build.0 = Debug|Any CPU
		{0EF1ABD7-657E-41C4-96A0-B9AE49DB925B}.Release|x64.ActiveCfg = Debug|Any CPU
		{0EF1ABD7-657E-41C4-96A0-B9AE49DB925B}.Release|x64.Build.0 = Debug|Any CPU
		{0EF1ABD7-657E-41C4-96A0-B9AE49DB925B}.Release|x86.ActiveCfg = Debug|Any CPU
		{0EF1ABD7-657E-41C4-96A0-B9AE49DB925B}.Release|x86.Build.0 = Debug|Any CPU
	EndGlobalSection
EndGlobal
