
Microsoft Visual Studio Solution File, Format Version 12.00
# Visual Studio Version 16
VisualStudioVersion = 16.0.30114.105
MinimumVisualStudioVersion = 10.0.40219.1
Project("{FAE04EC0-301F-11D3-BF4B-00C04F79EFBC}") = "01-DaysOfWeek", "01-DaysOfWeek\01-DaysOfWeek.csproj", "{A8C91B23-9805-4A1B-8669-872A84FE580E}"
EndProject
Project("{FAE04EC0-301F-11D3-BF4B-00C04F79EFBC}") = "02-Reverse", "02-Reverse\02-Reverse.csproj", "{DD9454AD-26FA-43BE-98A0-8D48123586EA}"
EndProject
Project("{FAE04EC0-301F-11D3-BF4B-00C04F79EFBC}") = "03-CheckSymmetry", "03-CheckSymmetry\03-CheckSymmetry.csproj", "{5D9F899E-4745-436D-914F-2BBFF7716252}"
EndProject
Project("{FAE04EC0-301F-11D3-BF4B-00C04F79EFBC}") = "04-PrintArray", "04-PrintArray\04-PrintArray.csproj", "{AD4133C1-2C8C-4C59-A0DE-9DBEB2A559EA}"
EndProject
Project("{FAE04EC0-301F-11D3-BF4B-00C04F79EFBC}") = "05-IteratingOverArrays", "05-IteratingOverArrays\05-IteratingOverArrays.csproj", "{59C42A9C-15FF-49FE-8D3C-DDDC6BE81F07}"
EndProject
Project("{FAE04EC0-301F-11D3-BF4B-00C04F79EFBC}") = "06-Lists", "06-Lists\06-Lists.csproj", "{B54E1DA6-C41E-4804-966B-2F8B9A1A46F2}"
EndProject
Project("{FAE04EC0-301F-11D3-BF4B-00C04F79EFBC}") = "07-ResizingLists", "07-ResizingLists\07-ResizingLists.csproj", "{EA9007BD-7A3F-46BF-A184-FD3C7A0ECB40}"
EndProject
Global
	GlobalSection(SolutionConfigurationPlatforms) = preSolution
		Debug|Any CPU = Debug|Any CPU
		Debug|x64 = Debug|x64
		Debug|x86 = Debug|x86
		Release|Any CPU = Release|Any CPU
		Release|x64 = Release|x64
		Release|x86 = Release|x86
	EndGlobalSection
	GlobalSection(SolutionProperties) = preSolution
		HideSolutionNode = FALSE
	EndGlobalSection
	GlobalSection(ProjectConfigurationPlatforms) = postSolution
		{A8C91B23-9805-4A1B-8669-872A84FE580E}.Debug|Any CPU.ActiveCfg = Debug|Any CPU
		{A8C91B23-9805-4A1B-8669-872A84FE580E}.Debug|Any CPU.Build.0 = Debug|Any CPU
		{A8C91B23-9805-4A1B-8669-872A84FE580E}.Debug|x64.ActiveCfg = Debug|Any CPU
		{A8C91B23-9805-4A1B-8669-872A84FE580E}.Debug|x64.Build.0 = Debug|Any CPU
		{A8C91B23-9805-4A1B-8669-872A84FE580E}.Debug|x86.ActiveCfg = Debug|Any CPU
		{A8C91B23-9805-4A1B-8669-872A84FE580E}.Debug|x86.Build.0 = Debug|Any CPU
		{A8C91B23-9805-4A1B-8669-872A84FE580E}.Release|Any CPU.ActiveCfg = Release|Any CPU
		{A8C91B23-9805-4A1B-8669-872A84FE580E}.Release|Any CPU.Build.0 = Release|Any CPU
		{A8C91B23-9805-4A1B-8669-872A84FE580E}.Release|x64.ActiveCfg = Release|Any CPU
		{A8C91B23-9805-4A1B-8669-872A84FE580E}.Release|x64.Build.0 = Release|Any CPU
		{A8C91B23-9805-4A1B-8669-872A84FE580E}.Release|x86.ActiveCfg = Release|Any CPU
		{A8C91B23-9805-4A1B-8669-872A84FE580E}.Release|x86.Build.0 = Release|Any CPU
		{DD9454AD-26FA-43BE-98A0-8D48123586EA}.Debug|Any CPU.ActiveCfg = Debug|Any CPU
		{DD9454AD-26FA-43BE-98A0-8D48123586EA}.Debug|Any CPU.Build.0 = Debug|Any CPU
		{DD9454AD-26FA-43BE-98A0-8D48123586EA}.Debug|x64.ActiveCfg = Debug|Any CPU
		{DD9454AD-26FA-43BE-98A0-8D48123586EA}.Debug|x64.Build.0 = Debug|Any CPU
		{DD9454AD-26FA-43BE-98A0-8D48123586EA}.Debug|x86.ActiveCfg = Debug|Any CPU
		{DD9454AD-26FA-43BE-98A0-8D48123586EA}.Debug|x86.Build.0 = Debug|Any CPU
		{DD9454AD-26FA-43BE-98A0-8D48123586EA}.Release|Any CPU.ActiveCfg = Release|Any CPU
		{DD9454AD-26FA-43BE-98A0-8D48123586EA}.Release|Any CPU.Build.0 = Release|Any CPU
		{DD9454AD-26FA-43BE-98A0-8D48123586EA}.Release|x64.ActiveCfg = Release|Any CPU
		{DD9454AD-26FA-43BE-98A0-8D48123586EA}.Release|x64.Build.0 = Release|Any CPU
		{DD9454AD-26FA-43BE-98A0-8D48123586EA}.Release|x86.ActiveCfg = Release|Any CPU
		{DD9454AD-26FA-43BE-98A0-8D48123586EA}.Release|x86.Build.0 = Release|Any CPU
		{5D9F899E-4745-436D-914F-2BBFF7716252}.Debug|Any CPU.ActiveCfg = Debug|Any CPU
		{5D9F899E-4745-436D-914F-2BBFF7716252}.Debug|Any CPU.Build.0 = Debug|Any CPU
		{5D9F899E-4745-436D-914F-2BBFF7716252}.Debug|x64.ActiveCfg = Debug|Any CPU
		{5D9F899E-4745-436D-914F-2BBFF7716252}.Debug|x64.Build.0 = Debug|Any CPU
		{5D9F899E-4745-436D-914F-2BBFF7716252}.Debug|x86.ActiveCfg = Debug|Any CPU
		{5D9F899E-4745-436D-914F-2BBFF7716252}.Debug|x86.Build.0 = Debug|Any CPU
		{5D9F899E-4745-436D-914F-2BBFF7716252}.Release|Any CPU.ActiveCfg = Release|Any CPU
		{5D9F899E-4745-436D-914F-2BBFF7716252}.Release|Any CPU.Build.0 = Release|Any CPU
		{5D9F899E-4745-436D-914F-2BBFF7716252}.Release|x64.ActiveCfg = Release|Any CPU
		{5D9F899E-4745-436D-914F-2BBFF7716252}.Release|x64.Build.0 = Release|Any CPU
		{5D9F899E-4745-436D-914F-2BBFF7716252}.Release|x86.ActiveCfg = Release|Any CPU
		{5D9F899E-4745-436D-914F-2BBFF7716252}.Release|x86.Build.0 = Release|Any CPU
		{AD4133C1-2C8C-4C59-A0DE-9DBEB2A559EA}.Debug|Any CPU.ActiveCfg = Debug|Any CPU
		{AD4133C1-2C8C-4C59-A0DE-9DBEB2A559EA}.Debug|Any CPU.Build.0 = Debug|Any CPU
		{AD4133C1-2C8C-4C59-A0DE-9DBEB2A559EA}.Debug|x64.ActiveCfg = Debug|Any CPU
		{AD4133C1-2C8C-4C59-A0DE-9DBEB2A559EA}.Debug|x64.Build.0 = Debug|Any CPU
		{AD4133C1-2C8C-4C59-A0DE-9DBEB2A559EA}.Debug|x86.ActiveCfg = Debug|Any CPU
		{AD4133C1-2C8C-4C59-A0DE-9DBEB2A559EA}.Debug|x86.Build.0 = Debug|Any CPU
		{AD4133C1-2C8C-4C59-A0DE-9DBEB2A559EA}.Release|Any CPU.ActiveCfg = Release|Any CPU
		{AD4133C1-2C8C-4C59-A0DE-9DBEB2A559EA}.Release|Any CPU.Build.0 = Release|Any CPU
		{AD4133C1-2C8C-4C59-A0DE-9DBEB2A559EA}.Release|x64.ActiveCfg = Release|Any CPU
		{AD4133C1-2C8C-4C59-A0DE-9DBEB2A559EA}.Release|x64.Build.0 = Release|Any CPU
		{AD4133C1-2C8C-4C59-A0DE-9DBEB2A559EA}.Release|x86.ActiveCfg = Release|Any CPU
		{AD4133C1-2C8C-4C59-A0DE-9DBEB2A559EA}.Release|x86.Build.0 = Release|Any CPU
		{59C42A9C-15FF-49FE-8D3C-DDDC6BE81F07}.Debug|Any CPU.ActiveCfg = Debug|Any CPU
		{59C42A9C-15FF-49FE-8D3C-DDDC6BE81F07}.Debug|Any CPU.Build.0 = Debug|Any CPU
		{59C42A9C-15FF-49FE-8D3C-DDDC6BE81F07}.Debug|x64.ActiveCfg = Debug|Any CPU
		{59C42A9C-15FF-49FE-8D3C-DDDC6BE81F07}.Debug|x64.Build.0 = Debug|Any CPU
		{59C42A9C-15FF-49FE-8D3C-DDDC6BE81F07}.Debug|x86.ActiveCfg = Debug|Any CPU
		{59C42A9C-15FF-49FE-8D3C-DDDC6BE81F07}.Debug|x86.Build.0 = Debug|Any CPU
		{59C42A9C-15FF-49FE-8D3C-DDDC6BE81F07}.Release|Any CPU.ActiveCfg = Release|Any CPU
		{59C42A9C-15FF-49FE-8D3C-DDDC6BE81F07}.Release|Any CPU.Build.0 = Release|Any CPU
		{59C42A9C-15FF-49FE-8D3C-DDDC6BE81F07}.Release|x64.ActiveCfg = Release|Any CPU
		{59C42A9C-15FF-49FE-8D3C-DDDC6BE81F07}.Release|x64.Build.0 = Release|Any CPU
		{59C42A9C-15FF-49FE-8D3C-DDDC6BE81F07}.Release|x86.ActiveCfg = Release|Any CPU
		{59C42A9C-15FF-49FE-8D3C-DDDC6BE81F07}.Release|x86.Build.0 = Release|Any CPU
		{B54E1DA6-C41E-4804-966B-2F8B9A1A46F2}.Debug|Any CPU.ActiveCfg = Debug|Any CPU
		{B54E1DA6-C41E-4804-966B-2F8B9A1A46F2}.Debug|Any CPU.Build.0 = Debug|Any CPU
		{B54E1DA6-C41E-4804-966B-2F8B9A1A46F2}.Debug|x64.ActiveCfg = Debug|Any CPU
		{B54E1DA6-C41E-4804-966B-2F8B9A1A46F2}.Debug|x64.Build.0 = Debug|Any CPU
		{B54E1DA6-C41E-4804-966B-2F8B9A1A46F2}.Debug|x86.ActiveCfg = Debug|Any CPU
		{B54E1DA6-C41E-4804-966B-2F8B9A1A46F2}.Debug|x86.Build.0 = Debug|Any CPU
		{B54E1DA6-C41E-4804-966B-2F8B9A1A46F2}.Release|Any CPU.ActiveCfg = Release|Any CPU
		{B54E1DA6-C41E-4804-966B-2F8B9A1A46F2}.Release|Any CPU.Build.0 = Release|Any CPU
		{B54E1DA6-C41E-4804-966B-2F8B9A1A46F2}.Release|x64.ActiveCfg = Release|Any CPU
		{B54E1DA6-C41E-4804-966B-2F8B9A1A46F2}.Release|x64.Build.0 = Release|Any CPU
		{B54E1DA6-C41E-4804-966B-2F8B9A1A46F2}.Release|x86.ActiveCfg = Release|Any CPU
		{B54E1DA6-C41E-4804-966B-2F8B9A1A46F2}.Release|x86.Build.0 = Release|Any CPU
		{EA9007BD-7A3F-46BF-A184-FD3C7A0ECB40}.Debug|Any CPU.ActiveCfg = Debug|Any CPU
		{EA9007BD-7A3F-46BF-A184-FD3C7A0ECB40}.Debug|Any CPU.Build.0 = Debug|Any CPU
		{EA9007BD-7A3F-46BF-A184-FD3C7A0ECB40}.Debug|x64.ActiveCfg = Debug|Any CPU
		{EA9007BD-7A3F-46BF-A184-FD3C7A0ECB40}.Debug|x64.Build.0 = Debug|Any CPU
		{EA9007BD-7A3F-46BF-A184-FD3C7A0ECB40}.Debug|x86.ActiveCfg = Debug|Any CPU
		{EA9007BD-7A3F-46BF-A184-FD3C7A0ECB40}.Debug|x86.Build.0 = Debug|Any CPU
		{EA9007BD-7A3F-46BF-A184-FD3C7A0ECB40}.Release|Any CPU.ActiveCfg = Release|Any CPU
		{EA9007BD-7A3F-46BF-A184-FD3C7A0ECB40}.Release|Any CPU.Build.0 = Release|Any CPU
		{EA9007BD-7A3F-46BF-A184-FD3C7A0ECB40}.Release|x64.ActiveCfg = Release|Any CPU
		{EA9007BD-7A3F-46BF-A184-FD3C7A0ECB40}.Release|x64.Build.0 = Release|Any CPU
		{EA9007BD-7A3F-46BF-A184-FD3C7A0ECB40}.Release|x86.ActiveCfg = Release|Any CPU
		{EA9007BD-7A3F-46BF-A184-FD3C7A0ECB40}.Release|x86.Build.0 = Release|Any CPU
	EndGlobalSection
EndGlobal
