
Microsoft Visual Studio Solution File, Format Version 12.00
# Visual Studio Version 16
VisualStudioVersion = 16.0.30114.105
MinimumVisualStudioVersion = 10.0.40219.1
Project("{FAE04EC0-301F-11D3-BF4B-00C04F79EFBC}") = "01.Sum_1..N", "01-Sum\01.Sum_1..N.csproj", "{41ACA9F0-B675-404A-B05D-79B40EE770F8}"
EndProject
Project("{FAE04EC0-301F-11D3-BF4B-00C04F79EFBC}") = "02.IsPrime", "02-IsPrime\02.IsPrime.csproj", "{BE07F1D5-7AB8-434F-91F3-A16F525F2594}"
EndProject
Project("{FAE04EC0-301F-11D3-BF4B-00C04F79EFBC}") = "03.FactorialBreak", "03-FactorialBreak\03.FactorialBreak.csproj", "{AEBE6FD1-2C25-43DE-A192-3C7A998EFA62}"
EndProject
Project("{FAE04EC0-301F-11D3-BF4B-00C04F79EFBC}") = "04.FactorialDoWhile", "04-FactorialDoWhile\04.FactorialDoWhile.csproj", "{AED8E55D-3D6D-4535-9C01-8EB6AFA828FD}"
EndProject
Project("{FAE04EC0-301F-11D3-BF4B-00C04F79EFBC}") = "05.ForLoops", "05-ForLoops\05.ForLoops.csproj", "{73DED3FE-B11B-494B-8052-ED1D9A5B2609}"
EndProject
Project("{FAE04EC0-301F-11D3-BF4B-00C04F79EFBC}") = "06.ProductN..M", "06-Product\06.ProductN..M.csproj", "{AAF6096F-8606-4954-907F-D15896676E67}"
EndProject
Project("{FAE04EC0-301F-11D3-BF4B-00C04F79EFBC}") = "07.PowerN_M", "07-Power\07.PowerN_M.csproj", "{40C73855-2155-47E2-ADB6-0B17F7D3F7DA}"
EndProject
Project("{FAE04EC0-301F-11D3-BF4B-00C04F79EFBC}") = "08.Continue-SumOdd", "08-Continue\08.Continue-SumOdd.csproj", "{62BB2DBB-85E5-42E0-884C-B02CC5C77781}"
EndProject
Project("{FAE04EC0-301F-11D3-BF4B-00C04F79EFBC}") = "10.Triangle", "10-Triangle\10.Triangle.csproj", "{24A63808-B54E-42E6-9AB0-797CC79D6082}"
EndProject
Project("{FAE04EC0-301F-11D3-BF4B-00C04F79EFBC}") = "11.PrimesInRange", "11-Primes\11.PrimesInRange.csproj", "{A2F838D4-BF5D-4BA9-9D07-63CC6434A502}"
EndProject
Project("{FAE04EC0-301F-11D3-BF4B-00C04F79EFBC}") = "12.HappyNumbers", "12-HappyNumbers\12.HappyNumbers.csproj", "{732C7E1C-B861-43F2-B595-319CC2DE6F50}"
EndProject
Project("{FAE04EC0-301F-11D3-BF4B-00C04F79EFBC}") = "13.TOTO6-49", "13-Toto\13.TOTO6-49.csproj", "{CBF60C61-AC96-4EF8-AE5E-DD9EEA2566E0}"
EndProject
Global
	GlobalSection(SolutionConfigurationPlatforms) = preSolution
		Debug|Any CPU = Debug|Any CPU
		Debug|x64 = Debug|x64
		Debug|x86 = Debug|x86
		Release|Any CPU = Release|Any CPU
		Release|x64 = Release|x64
		Release|x86 = Release|x86
	EndGlobalSection
	GlobalSection(SolutionProperties) = preSolution
		HideSolutionNode = FALSE
	EndGlobalSection
	GlobalSection(ProjectConfigurationPlatforms) = postSolution
		{41ACA9F0-B675-404A-B05D-79B40EE770F8}.Debug|Any CPU.ActiveCfg = Debug|Any CPU
		{41ACA9F0-B675-404A-B05D-79B40EE770F8}.Debug|Any CPU.Build.0 = Debug|Any CPU
		{41ACA9F0-B675-404A-B05D-79B40EE770F8}.Debug|x64.ActiveCfg = Debug|Any CPU
		{41ACA9F0-B675-404A-B05D-79B40EE770F8}.Debug|x64.Build.0 = Debug|Any CPU
		{41ACA9F0-B675-404A-B05D-79B40EE770F8}.Debug|x86.ActiveCfg = Debug|Any CPU
		{41ACA9F0-B675-404A-B05D-79B40EE770F8}.Debug|x86.Build.0 = Debug|Any CPU
		{41ACA9F0-B675-404A-B05D-79B40EE770F8}.Release|Any CPU.ActiveCfg = Release|Any CPU
		{41ACA9F0-B675-404A-B05D-79B40EE770F8}.Release|Any CPU.Build.0 = Release|Any CPU
		{41ACA9F0-B675-404A-B05D-79B40EE770F8}.Release|x64.ActiveCfg = Release|Any CPU
		{41ACA9F0-B675-404A-B05D-79B40EE770F8}.Release|x64.Build.0 = Release|Any CPU
		{41ACA9F0-B675-404A-B05D-79B40EE770F8}.Release|x86.ActiveCfg = Release|Any CPU
		{41ACA9F0-B675-404A-B05D-79B40EE770F8}.Release|x86.Build.0 = Release|Any CPU
		{BE07F1D5-7AB8-434F-91F3-A16F525F2594}.Debug|Any CPU.ActiveCfg = Debug|Any CPU
		{BE07F1D5-7AB8-434F-91F3-A16F525F2594}.Debug|Any CPU.Build.0 = Debug|Any CPU
		{BE07F1D5-7AB8-434F-91F3-A16F525F2594}.Debug|x64.ActiveCfg = Debug|Any CPU
		{BE07F1D5-7AB8-434F-91F3-A16F525F2594}.Debug|x64.Build.0 = Debug|Any CPU
		{BE07F1D5-7AB8-434F-91F3-A16F525F2594}.Debug|x86.ActiveCfg = Debug|Any CPU
		{BE07F1D5-7AB8-434F-91F3-A16F525F2594}.Debug|x86.Build.0 = Debug|Any CPU
		{BE07F1D5-7AB8-434F-91F3-A16F525F2594}.Release|Any CPU.ActiveCfg = Release|Any CPU
		{BE07F1D5-7AB8-434F-91F3-A16F525F2594}.Release|Any CPU.Build.0 = Release|Any CPU
		{BE07F1D5-7AB8-434F-91F3-A16F525F2594}.Release|x64.ActiveCfg = Release|Any CPU
		{BE07F1D5-7AB8-434F-91F3-A16F525F2594}.Release|x64.Build.0 = Release|Any CPU
		{BE07F1D5-7AB8-434F-91F3-A16F525F2594}.Release|x86.ActiveCfg = Release|Any CPU
		{BE07F1D5-7AB8-434F-91F3-A16F525F2594}.Release|x86.Build.0 = Release|Any CPU
		{AEBE6FD1-2C25-43DE-A192-3C7A998EFA62}.Debug|Any CPU.ActiveCfg = Debug|Any CPU
		{AEBE6FD1-2C25-43DE-A192-3C7A998EFA62}.Debug|Any CPU.Build.0 = Debug|Any CPU
		{AEBE6FD1-2C25-43DE-A192-3C7A998EFA62}.Debug|x64.ActiveCfg = Debug|Any CPU
		{AEBE6FD1-2C25-43DE-A192-3C7A998EFA62}.Debug|x64.Build.0 = Debug|Any CPU
		{AEBE6FD1-2C25-43DE-A192-3C7A998EFA62}.Debug|x86.ActiveCfg = Debug|Any CPU
		{AEBE6FD1-2C25-43DE-A192-3C7A998EFA62}.Debug|x86.Build.0 = Debug|Any CPU
		{AEBE6FD1-2C25-43DE-A192-3C7A998EFA62}.Release|Any CPU.ActiveCfg = Release|Any CPU
		{AEBE6FD1-2C25-43DE-A192-3C7A998EFA62}.Release|Any CPU.Build.0 = Release|Any CPU
		{AEBE6FD1-2C25-43DE-A192-3C7A998EFA62}.Release|x64.ActiveCfg = Release|Any CPU
		{AEBE6FD1-2C25-43DE-A192-3C7A998EFA62}.Release|x64.Build.0 = Release|Any CPU
		{AEBE6FD1-2C25-43DE-A192-3C7A998EFA62}.Release|x86.ActiveCfg = Release|Any CPU
		{AEBE6FD1-2C25-43DE-A192-3C7A998EFA62}.Release|x86.Build.0 = Release|Any CPU
		{AED8E55D-3D6D-4535-9C01-8EB6AFA828FD}.Debug|Any CPU.ActiveCfg = Debug|Any CPU
		{AED8E55D-3D6D-4535-9C01-8EB6AFA828FD}.Debug|Any CPU.Build.0 = Debug|Any CPU
		{AED8E55D-3D6D-4535-9C01-8EB6AFA828FD}.Debug|x64.ActiveCfg = Debug|Any CPU
		{AED8E55D-3D6D-4535-9C01-8EB6AFA828FD}.Debug|x64.Build.0 = Debug|Any CPU
		{AED8E55D-3D6D-4535-9C01-8EB6AFA828FD}.Debug|x86.ActiveCfg = Debug|Any CPU
		{AED8E55D-3D6D-4535-9C01-8EB6AFA828FD}.Debug|x86.Build.0 = Debug|Any CPU
		{AED8E55D-3D6D-4535-9C01-8EB6AFA828FD}.Release|Any CPU.ActiveCfg = Release|Any CPU
		{AED8E55D-3D6D-4535-9C01-8EB6AFA828FD}.Release|Any CPU.Build.0 = Release|Any CPU
		{AED8E55D-3D6D-4535-9C01-8EB6AFA828FD}.Release|x64.ActiveCfg = Release|Any CPU
		{AED8E55D-3D6D-4535-9C01-8EB6AFA828FD}.Release|x64.Build.0 = Release|Any CPU
		{AED8E55D-3D6D-4535-9C01-8EB6AFA828FD}.Release|x86.ActiveCfg = Release|Any CPU
		{AED8E55D-3D6D-4535-9C01-8EB6AFA828FD}.Release|x86.Build.0 = Release|Any CPU
		{73DED3FE-B11B-494B-8052-ED1D9A5B2609}.Debug|Any CPU.ActiveCfg = Debug|Any CPU
		{73DED3FE-B11B-494B-8052-ED1D9A5B2609}.Debug|Any CPU.Build.0 = Debug|Any CPU
		{73DED3FE-B11B-494B-8052-ED1D9A5B2609}.Debug|x64.ActiveCfg = Debug|Any CPU
		{73DED3FE-B11B-494B-8052-ED1D9A5B2609}.Debug|x64.Build.0 = Debug|Any CPU
		{73DED3FE-B11B-494B-8052-ED1D9A5B2609}.Debug|x86.ActiveCfg = Debug|Any CPU
		{73DED3FE-B11B-494B-8052-ED1D9A5B2609}.Debug|x86.Build.0 = Debug|Any CPU
		{73DED3FE-B11B-494B-8052-ED1D9A5B2609}.Release|Any CPU.ActiveCfg = Release|Any CPU
		{73DED3FE-B11B-494B-8052-ED1D9A5B2609}.Release|Any CPU.Build.0 = Release|Any CPU
		{73DED3FE-B11B-494B-8052-ED1D9A5B2609}.Release|x64.ActiveCfg = Release|Any CPU
		{73DED3FE-B11B-494B-8052-ED1D9A5B2609}.Release|x64.Build.0 = Release|Any CPU
		{73DED3FE-B11B-494B-8052-ED1D9A5B2609}.Release|x86.ActiveCfg = Release|Any CPU
		{73DED3FE-B11B-494B-8052-ED1D9A5B2609}.Release|x86.Build.0 = Release|Any CPU
		{AAF6096F-8606-4954-907F-D15896676E67}.Debug|Any CPU.ActiveCfg = Debug|Any CPU
		{AAF6096F-8606-4954-907F-D15896676E67}.Debug|Any CPU.Build.0 = Debug|Any CPU
		{AAF6096F-8606-4954-907F-D15896676E67}.Debug|x64.ActiveCfg = Debug|Any CPU
		{AAF6096F-8606-4954-907F-D15896676E67}.Debug|x64.Build.0 = Debug|Any CPU
		{AAF6096F-8606-4954-907F-D15896676E67}.Debug|x86.ActiveCfg = Debug|Any CPU
		{AAF6096F-8606-4954-907F-D15896676E67}.Debug|x86.Build.0 = Debug|Any CPU
		{AAF6096F-8606-4954-907F-D15896676E67}.Release|Any CPU.ActiveCfg = Release|Any CPU
		{AAF6096F-8606-4954-907F-D15896676E67}.Release|Any CPU.Build.0 = Release|Any CPU
		{AAF6096F-8606-4954-907F-D15896676E67}.Release|x64.ActiveCfg = Release|Any CPU
		{AAF6096F-8606-4954-907F-D15896676E67}.Release|x64.Build.0 = Release|Any CPU
		{AAF6096F-8606-4954-907F-D15896676E67}.Release|x86.ActiveCfg = Release|Any CPU
		{AAF6096F-8606-4954-907F-D15896676E67}.Release|x86.Build.0 = Release|Any CPU
		{40C73855-2155-47E2-ADB6-0B17F7D3F7DA}.Debug|Any CPU.ActiveCfg = Debug|Any CPU
		{40C73855-2155-47E2-ADB6-0B17F7D3F7DA}.Debug|Any CPU.Build.0 = Debug|Any CPU
		{40C73855-2155-47E2-ADB6-0B17F7D3F7DA}.Debug|x64.ActiveCfg = Debug|Any CPU
		{40C73855-2155-47E2-ADB6-0B17F7D3F7DA}.Debug|x64.Build.0 = Debug|Any CPU
		{40C73855-2155-47E2-ADB6-0B17F7D3F7DA}.Debug|x86.ActiveCfg = Debug|Any CPU
		{40C73855-2155-47E2-ADB6-0B17F7D3F7DA}.Debug|x86.Build.0 = Debug|Any CPU
		{40C73855-2155-47E2-ADB6-0B17F7D3F7DA}.Release|Any CPU.ActiveCfg = Release|Any CPU
		{40C73855-2155-47E2-ADB6-0B17F7D3F7DA}.Release|Any CPU.Build.0 = Release|Any CPU
		{40C73855-2155-47E2-ADB6-0B17F7D3F7DA}.Release|x64.ActiveCfg = Release|Any CPU
		{40C73855-2155-47E2-ADB6-0B17F7D3F7DA}.Release|x64.Build.0 = Release|Any CPU
		{40C73855-2155-47E2-ADB6-0B17F7D3F7DA}.Release|x86.ActiveCfg = Release|Any CPU
		{40C73855-2155-47E2-ADB6-0B17F7D3F7DA}.Release|x86.Build.0 = Release|Any CPU
		{62BB2DBB-85E5-42E0-884C-B02CC5C77781}.Debug|Any CPU.ActiveCfg = Debug|Any CPU
		{62BB2DBB-85E5-42E0-884C-B02CC5C77781}.Debug|Any CPU.Build.0 = Debug|Any CPU
		{62BB2DBB-85E5-42E0-884C-B02CC5C77781}.Debug|x64.ActiveCfg = Debug|Any CPU
		{62BB2DBB-85E5-42E0-884C-B02CC5C77781}.Debug|x64.Build.0 = Debug|Any CPU
		{62BB2DBB-85E5-42E0-884C-B02CC5C77781}.Debug|x86.ActiveCfg = Debug|Any CPU
		{62BB2DBB-85E5-42E0-884C-B02CC5C77781}.Debug|x86.Build.0 = Debug|Any CPU
		{62BB2DBB-85E5-42E0-884C-B02CC5C77781}.Release|Any CPU.ActiveCfg = Release|Any CPU
		{62BB2DBB-85E5-42E0-884C-B02CC5C77781}.Release|Any CPU.Build.0 = Release|Any CPU
		{62BB2DBB-85E5-42E0-884C-B02CC5C77781}.Release|x64.ActiveCfg = Release|Any CPU
		{62BB2DBB-85E5-42E0-884C-B02CC5C77781}.Release|x64.Build.0 = Release|Any CPU
		{62BB2DBB-85E5-42E0-884C-B02CC5C77781}.Release|x86.ActiveCfg = Release|Any CPU
		{62BB2DBB-85E5-42E0-884C-B02CC5C77781}.Release|x86.Build.0 = Release|Any CPU
		{24A63808-B54E-42E6-9AB0-797CC79D6082}.Debug|Any CPU.ActiveCfg = Debug|Any CPU
		{24A63808-B54E-42E6-9AB0-797CC79D6082}.Debug|Any CPU.Build.0 = Debug|Any CPU
		{24A63808-B54E-42E6-9AB0-797CC79D6082}.Debug|x64.ActiveCfg = Debug|Any CPU
		{24A63808-B54E-42E6-9AB0-797CC79D6082}.Debug|x64.Build.0 = Debug|Any CPU
		{24A63808-B54E-42E6-9AB0-797CC79D6082}.Debug|x86.ActiveCfg = Debug|Any CPU
		{24A63808-B54E-42E6-9AB0-797CC79D6082}.Debug|x86.Build.0 = Debug|Any CPU
		{24A63808-B54E-42E6-9AB0-797CC79D6082}.Release|Any CPU.ActiveCfg = Release|Any CPU
		{24A63808-B54E-42E6-9AB0-797CC79D6082}.Release|Any CPU.Build.0 = Release|Any CPU
		{24A63808-B54E-42E6-9AB0-797CC79D6082}.Release|x64.ActiveCfg = Release|Any CPU
		{24A63808-B54E-42E6-9AB0-797CC79D6082}.Release|x64.Build.0 = Release|Any CPU
		{24A63808-B54E-42E6-9AB0-797CC79D6082}.Release|x86.ActiveCfg = Release|Any CPU
		{24A63808-B54E-42E6-9AB0-797CC79D6082}.Release|x86.Build.0 = Release|Any CPU
		{A2F838D4-BF5D-4BA9-9D07-63CC6434A502}.Debug|Any CPU.ActiveCfg = Debug|Any CPU
		{A2F838D4-BF5D-4BA9-9D07-63CC6434A502}.Debug|Any CPU.Build.0 = Debug|Any CPU
		{A2F838D4-BF5D-4BA9-9D07-63CC6434A502}.Debug|x64.ActiveCfg = Debug|Any CPU
		{A2F838D4-BF5D-4BA9-9D07-63CC6434A502}.Debug|x64.Build.0 = Debug|Any CPU
		{A2F838D4-BF5D-4BA9-9D07-63CC6434A502}.Debug|x86.ActiveCfg = Debug|Any CPU
		{A2F838D4-BF5D-4BA9-9D07-63CC6434A502}.Debug|x86.Build.0 = Debug|Any CPU
		{A2F838D4-BF5D-4BA9-9D07-63CC6434A502}.Release|Any CPU.ActiveCfg = Release|Any CPU
		{A2F838D4-BF5D-4BA9-9D07-63CC6434A502}.Release|Any CPU.Build.0 = Release|Any CPU
		{A2F838D4-BF5D-4BA9-9D07-63CC6434A502}.Release|x64.ActiveCfg = Release|Any CPU
		{A2F838D4-BF5D-4BA9-9D07-63CC6434A502}.Release|x64.Build.0 = Release|Any CPU
		{A2F838D4-BF5D-4BA9-9D07-63CC6434A502}.Release|x86.ActiveCfg = Release|Any CPU
		{A2F838D4-BF5D-4BA9-9D07-63CC6434A502}.Release|x86.Build.0 = Release|Any CPU
		{732C7E1C-B861-43F2-B595-319CC2DE6F50}.Debug|Any CPU.ActiveCfg = Debug|Any CPU
		{732C7E1C-B861-43F2-B595-319CC2DE6F50}.Debug|Any CPU.Build.0 = Debug|Any CPU
		{732C7E1C-B861-43F2-B595-319CC2DE6F50}.Debug|x64.ActiveCfg = Debug|Any CPU
		{732C7E1C-B861-43F2-B595-319CC2DE6F50}.Debug|x64.Build.0 = Debug|Any CPU
		{732C7E1C-B861-43F2-B595-319CC2DE6F50}.Debug|x86.ActiveCfg = Debug|Any CPU
		{732C7E1C-B861-43F2-B595-319CC2DE6F50}.Debug|x86.Build.0 = Debug|Any CPU
		{732C7E1C-B861-43F2-B595-319CC2DE6F50}.Release|Any CPU.ActiveCfg = Release|Any CPU
		{732C7E1C-B861-43F2-B595-319CC2DE6F50}.Release|Any CPU.Build.0 = Release|Any CPU
		{732C7E1C-B861-43F2-B595-319CC2DE6F50}.Release|x64.ActiveCfg = Release|Any CPU
		{732C7E1C-B861-43F2-B595-319CC2DE6F50}.Release|x64.Build.0 = Release|Any CPU
		{732C7E1C-B861-43F2-B595-319CC2DE6F50}.Release|x86.ActiveCfg = Release|Any CPU
		{732C7E1C-B861-43F2-B595-319CC2DE6F50}.Release|x86.Build.0 = Release|Any CPU
		{CBF60C61-AC96-4EF8-AE5E-DD9EEA2566E0}.Debug|Any CPU.ActiveCfg = Debug|Any CPU
		{CBF60C61-AC96-4EF8-AE5E-DD9EEA2566E0}.Debug|Any CPU.Build.0 = Debug|Any CPU
		{CBF60C61-AC96-4EF8-AE5E-DD9EEA2566E0}.Debug|x64.ActiveCfg = Debug|Any CPU
		{CBF60C61-AC96-4EF8-AE5E-DD9EEA2566E0}.Debug|x64.Build.0 = Debug|Any CPU
		{CBF60C61-AC96-4EF8-AE5E-DD9EEA2566E0}.Debug|x86.ActiveCfg = Debug|Any CPU
		{CBF60C61-AC96-4EF8-AE5E-DD9EEA2566E0}.Debug|x86.Build.0 = Debug|Any CPU
		{CBF60C61-AC96-4EF8-AE5E-DD9EEA2566E0}.Release|Any CPU.ActiveCfg = Release|Any CPU
		{CBF60C61-AC96-4EF8-AE5E-DD9EEA2566E0}.Release|Any CPU.Build.0 = Release|Any CPU
		{CBF60C61-AC96-4EF8-AE5E-DD9EEA2566E0}.Release|x64.ActiveCfg = Release|Any CPU
		{CBF60C61-AC96-4EF8-AE5E-DD9EEA2566E0}.Release|x64.Build.0 = Release|Any CPU
		{CBF60C61-AC96-4EF8-AE5E-DD9EEA2566E0}.Release|x86.ActiveCfg = Release|Any CPU
		{CBF60C61-AC96-4EF8-AE5E-DD9EEA2566E0}.Release|x86.Build.0 = Release|Any CPU
	EndGlobalSection
EndGlobal
